// !$*UTF8*$!
{
	archiveVersion = 1;
	classes = {
	};
	objectVersion = 55;
	objects = {

/* Begin PBXBuildFile section */
		8C070F7627C312B400ACD490 /* Units.swift in Sources */ = {isa = PBXBuildFile; fileRef = 8C070F7527C312B300ACD490 /* Units.swift */; };
		8C070F7827C314AA00ACD490 /* ViewModel.swift in Sources */ = {isa = PBXBuildFile; fileRef = 8C070F7727C314AA00ACD490 /* ViewModel.swift */; };
		8CCA48C927BD71E9003C2B76 /* ConvertApp.swift in Sources */ = {isa = PBXBuildFile; fileRef = 8CCA48C827BD71E9003C2B76 /* ConvertApp.swift */; };
		8CCA48CB27BD71E9003C2B76 /* ContentView.swift in Sources */ = {isa = PBXBuildFile; fileRef = 8CCA48CA27BD71E9003C2B76 /* ContentView.swift */; };
		8CCA48CD27BD71EA003C2B76 /* Assets.xcassets in Resources */ = {isa = PBXBuildFile; fileRef = 8CCA48CC27BD71EA003C2B76 /* Assets.xcassets */; };
		8CCA48D027BD71EA003C2B76 /* Preview Assets.xcassets in Resources */ = {isa = PBXBuildFile; fileRef = 8CCA48CF27BD71EA003C2B76 /* Preview Assets.xcassets */; };
		8CCA48D827BD7645003C2B76 /* Color+Extension.swift in Sources */ = {isa = PBXBuildFile; fileRef = 8CCA48D727BD7645003C2B76 /* Color+Extension.swift */; };
		8CD6429C27C450D6002B3307 /* Double+Extension.swift in Sources */ = {isa = PBXBuildFile; fileRef = 8CD6429B27C450D6002B3307 /* Double+Extension.swift */; };
		8CD642A027C45520002B3307 /* UnitsPicker.swift in Sources */ = {isa = PBXBuildFile; fileRef = 8CD6429F27C45520002B3307 /* UnitsPicker.swift */; };
		8CD642A627C53E50002B3307 /* ConverterView.swift in Sources */ = {isa = PBXBuildFile; fileRef = 8CD642A527C53E50002B3307 /* ConverterView.swift */; };
		8CD642A927C54D66002B3307 /* UnitTypeButton.swift in Sources */ = {isa = PBXBuildFile; fileRef = 8CD642A827C54D66002B3307 /* UnitTypeButton.swift */; };
/* End PBXBuildFile section */

/* Begin PBXFileReference section */
		8C070F7527C312B300ACD490 /* Units.swift */ = {isa = PBXFileReference; lastKnownFileType = sourcecode.swift; path = Units.swift; sourceTree = "<group>"; };
		8C070F7727C314AA00ACD490 /* ViewModel.swift */ = {isa = PBXFileReference; lastKnownFileType = sourcecode.swift; path = ViewModel.swift; sourceTree = "<group>"; };
		8CCA48C527BD71E9003C2B76 /* Convert.app */ = {isa = PBXFileReference; explicitFileType = wrapper.application; includeInIndex = 0; path = Convert.app; sourceTree = BUILT_PRODUCTS_DIR; };
		8CCA48C827BD71E9003C2B76 /* ConvertApp.swift */ = {isa = PBXFileReference; lastKnownFileType = sourcecode.swift; path = ConvertApp.swift; sourceTree = "<group>"; };
		8CCA48CA27BD71E9003C2B76 /* ContentView.swift */ = {isa = PBXFileReference; lastKnownFileType = sourcecode.swift; path = ContentView.swift; sourceTree = "<group>"; };
		8CCA48CC27BD71EA003C2B76 /* Assets.xcassets */ = {isa = PBXFileReference; lastKnownFileType = folder.assetcatalog; path = Assets.xcassets; sourceTree = "<group>"; };
		8CCA48CF27BD71EA003C2B76 /* Preview Assets.xcassets */ = {isa = PBXFileReference; lastKnownFileType = folder.assetcatalog; path = "Preview Assets.xcassets"; sourceTree = "<group>"; };
		8CCA48D727BD7645003C2B76 /* Color+Extension.swift */ = {isa = PBXFileReference; lastKnownFileType = sourcecode.swift; path = "Color+Extension.swift"; sourceTree = "<group>"; };
		8CD6429B27C450D6002B3307 /* Double+Extension.swift */ = {isa = PBXFileReference; lastKnownFileType = sourcecode.swift; path = "Double+Extension.swift"; sourceTree = "<group>"; };
		8CD6429F27C45520002B3307 /* UnitsPicker.swift */ = {isa = PBXFileReference; lastKnownFileType = sourcecode.swift; path = UnitsPicker.swift; sourceTree = "<group>"; };
		8CD642A527C53E50002B3307 /* ConverterView.swift */ = {isa = PBXFileReference; lastKnownFileType = sourcecode.swift; path = ConverterView.swift; sourceTree = "<group>"; };
		8CD642A827C54D66002B3307 /* UnitTypeButton.swift */ = {isa = PBXFileReference; lastKnownFileType = sourcecode.swift; path = UnitTypeButton.swift; sourceTree = "<group>"; };
/* End PBXFileReference section */

/* Begin PBXFrameworksBuildPhase section */
		8CCA48C227BD71E9003C2B76 /* Frameworks */ = {
			isa = PBXFrameworksBuildPhase;
			buildActionMask = 2147483647;
			files = (
			);
			runOnlyForDeploymentPostprocessing = 0;
		};
/* End PBXFrameworksBuildPhase section */

/* Begin PBXGroup section */
		8C070F7427C312A800ACD490 /* Models */ = {
			isa = PBXGroup;
			children = (
				8C070F7727C314AA00ACD490 /* ViewModel.swift */,
				8C070F7527C312B300ACD490 /* Units.swift */,
			);
			path = Models;
			sourceTree = "<group>";
		};
		8CCA48BC27BD71E9003C2B76 = {
			isa = PBXGroup;
			children = (
				8CCA48C727BD71E9003C2B76 /* Convert */,
				8CCA48C627BD71E9003C2B76 /* Products */,
			);
			sourceTree = "<group>";
		};
		8CCA48C627BD71E9003C2B76 /* Products */ = {
			isa = PBXGroup;
			children = (
				8CCA48C527BD71E9003C2B76 /* Convert.app */,
			);
			name = Products;
			sourceTree = "<group>";
		};
		8CCA48C727BD71E9003C2B76 /* Convert */ = {
			isa = PBXGroup;
			children = (
				8CCA48C827BD71E9003C2B76 /* ConvertApp.swift */,
				8CD6429D27C454DF002B3307 /* Views */,
				8C070F7427C312A800ACD490 /* Models */,
				8CCA48D627BD7623003C2B76 /* Extensions */,
				8CCA48CC27BD71EA003C2B76 /* Assets.xcassets */,
				8CCA48CE27BD71EA003C2B76 /* Preview Content */,
			);
			path = Convert;
			sourceTree = "<group>";
		};
		8CCA48CE27BD71EA003C2B76 /* Preview Content */ = {
			isa = PBXGroup;
			children = (
				8CCA48CF27BD71EA003C2B76 /* Preview Assets.xcassets */,
			);
			path = "Preview Content";
			sourceTree = "<group>";
		};
		8CCA48D627BD7623003C2B76 /* Extensions */ = {
			isa = PBXGroup;
			children = (
				8CCA48D727BD7645003C2B76 /* Color+Extension.swift */,
				8CD6429B27C450D6002B3307 /* Double+Extension.swift */,
			);
			path = Extensions;
			sourceTree = "<group>";
		};
		8CD6429D27C454DF002B3307 /* Views */ = {
			isa = PBXGroup;
			children = (
				8CCA48CA27BD71E9003C2B76 /* ContentView.swift */,
				8CD642AA27C69EC8002B3307 /* ConverterView */,
				8CD642AB27C69EDC002B3307 /* UnitTypesView */,
				8CD642AC27C69EEE002B3307 /* UnitsPickerView */,
			);
			path = Views;
			sourceTree = "<group>";
		};
		8CD642AA27C69EC8002B3307 /* ConverterView */ = {
			isa = PBXGroup;
			children = (
				8CD642A527C53E50002B3307 /* ConverterView.swift */,
			);
			path = ConverterView;
			sourceTree = "<group>";
		};
		8CD642AB27C69EDC002B3307 /* UnitTypesView */ = {
			isa = PBXGroup;
			children = (
				8CD642A827C54D66002B3307 /* UnitTypeButton.swift */,
			);
			path = UnitTypesView;
			sourceTree = "<group>";
		};
		8CD642AC27C69EEE002B3307 /* UnitsPickerView */ = {
			isa = PBXGroup;
			children = (
				8CD6429F27C45520002B3307 /* UnitsPicker.swift */,
			);
			path = UnitsPickerView;
			sourceTree = "<group>";
		};
/* End PBXGroup section */

/* Begin PBXNativeTarget section */
		8CCA48C427BD71E9003C2B76 /* Convert */ = {
			isa = PBXNativeTarget;
			buildConfigurationList = 8CCA48D327BD71EA003C2B76 /* Build configuration list for PBXNativeTarget "Convert" */;
			buildPhases = (
				8CCA48C127BD71E9003C2B76 /* Sources */,
				8CCA48C227BD71E9003C2B76 /* Frameworks */,
				8CCA48C327BD71E9003C2B76 /* Resources */,
			);
			buildRules = (
			);
			dependencies = (
			);
			name = Convert;
			productName = Convert;
			productReference = 8CCA48C527BD71E9003C2B76 /* Convert.app */;
			productType = "com.apple.product-type.application";
		};
/* End PBXNativeTarget section */

/* Begin PBXProject section */
		8CCA48BD27BD71E9003C2B76 /* Project object */ = {
			isa = PBXProject;
			attributes = {
				BuildIndependentTargetsInParallel = 1;
				LastSwiftUpdateCheck = 1320;
				LastUpgradeCheck = 1320;
				TargetAttributes = {
					8CCA48C427BD71E9003C2B76 = {
						CreatedOnToolsVersion = 13.2;
					};
				};
			};
			buildConfigurationList = 8CCA48C027BD71E9003C2B76 /* Build configuration list for PBXProject "Convert" */;
			compatibilityVersion = "Xcode 13.0";
			developmentRegion = en;
			hasScannedForEncodings = 0;
			knownRegions = (
				en,
				Base,
			);
			mainGroup = 8CCA48BC27BD71E9003C2B76;
			productRefGroup = 8CCA48C627BD71E9003C2B76 /* Products */;
			projectDirPath = "";
			projectRoot = "";
			targets = (
				8CCA48C427BD71E9003C2B76 /* Convert */,
			);
		};
/* End PBXProject section */

/* Begin PBXResourcesBuildPhase section */
		8CCA48C327BD71E9003C2B76 /* Resources */ = {
			isa = PBXResourcesBuildPhase;
			buildActionMask = 2147483647;
			files = (
				8CCA48D027BD71EA003C2B76 /* Preview Assets.xcassets in Resources */,
				8CCA48CD27BD71EA003C2B76 /* Assets.xcassets in Resources */,
			);
			runOnlyForDeploymentPostprocessing = 0;
		};
/* End PBXResourcesBuildPhase section */

/* Begin PBXSourcesBuildPhase section */
		8CCA48C127BD71E9003C2B76 /* Sources */ = {
			isa = PBXSourcesBuildPhase;
			buildActionMask = 2147483647;
			files = (
				8CCA48CB27BD71E9003C2B76 /* ContentView.swift in Sources */,
				8CD642A627C53E50002B3307 /* ConverterView.swift in Sources */,
				8C070F7627C312B400ACD490 /* Units.swift in Sources */,
				8CD6429C27C450D6002B3307 /* Double+Extension.swift in Sources */,
				8C070F7827C314AA00ACD490 /* ViewModel.swift in Sources */,
				8CCA48D827BD7645003C2B76 /* Color+Extension.swift in Sources */,
				8CD642A927C54D66002B3307 /* UnitTypeButton.swift in Sources */,
				8CCA48C927BD71E9003C2B76 /* ConvertApp.swift in Sources */,
				8CD642A027C45520002B3307 /* UnitsPicker.swift in Sources */,
			);
			runOnlyForDeploymentPostprocessing = 0;
		};
/* End PBXSourcesBuildPhase section */

/* Begin XCBuildConfiguration section */
		8CCA48D127BD71EA003C2B76 /* Debug */ = {
			isa = XCBuildConfiguration;
			buildSettings = {
				ALWAYS_SEARCH_USER_PATHS = NO;
				CLANG_ANALYZER_NONNULL = YES;
				CLANG_ANALYZER_NUMBER_OBJECT_CONVERSION = YES_AGGRESSIVE;
				CLANG_CXX_LANGUAGE_STANDARD = "gnu++17";
				CLANG_CXX_LIBRARY = "libc++";
				CLANG_ENABLE_MODULES = YES;
				CLANG_ENABLE_OBJC_ARC = YES;
				CLANG_ENABLE_OBJC_WEAK = YES;
				CLANG_WARN_BLOCK_CAPTURE_AUTORELEASING = YES;
				CLANG_WARN_BOOL_CONVERSION = YES;
				CLANG_WARN_COMMA = YES;
				CLANG_WARN_CONSTANT_CONVERSION = YES;
				CLANG_WARN_DEPRECATED_OBJC_IMPLEMENTATIONS = YES;
				CLANG_WARN_DIRECT_OBJC_ISA_USAGE = YES_ERROR;
				CLANG_WARN_DOCUMENTATION_COMMENTS = YES;
				CLANG_WARN_EMPTY_BODY = YES;
				CLANG_WARN_ENUM_CONVERSION = YES;
				CLANG_WARN_INFINITE_RECURSION = YES;
				CLANG_WARN_INT_CONVERSION = YES;
				CLANG_WARN_NON_LITERAL_NULL_CONVERSION = YES;
				CLANG_WARN_OBJC_IMPLICIT_RETAIN_SELF = YES;
				CLANG_WARN_OBJC_LITERAL_CONVERSION = YES;
				CLANG_WARN_OBJC_ROOT_CLASS = YES_ERROR;
				CLANG_WARN_QUOTED_INCLUDE_IN_FRAMEWORK_HEADER = YES;
				CLANG_WARN_RANGE_LOOP_ANALYSIS = YES;
				CLANG_WARN_STRICT_PROTOTYPES = YES;
				CLANG_WARN_SUSPICIOUS_MOVE = YES;
				CLANG_WARN_UNGUARDED_AVAILABILITY = YES_AGGRESSIVE;
				CLANG_WARN_UNREACHABLE_CODE = YES;
				CLANG_WARN__DUPLICATE_METHOD_MATCH = YES;
				COPY_PHASE_STRIP = NO;
				DEBUG_INFORMATION_FORMAT = dwarf;
				ENABLE_STRICT_OBJC_MSGSEND = YES;
				ENABLE_TESTABILITY = YES;
				GCC_C_LANGUAGE_STANDARD = gnu11;
				GCC_DYNAMIC_NO_PIC = NO;
				GCC_NO_COMMON_BLOCKS = YES;
				GCC_OPTIMIZATION_LEVEL = 0;
				GCC_PREPROCESSOR_DEFINITIONS = (
					"DEBUG=1",
					"$(inherited)",
				);
				GCC_WARN_64_TO_32_BIT_CONVERSION = YES;
				GCC_WARN_ABOUT_RETURN_TYPE = YES_ERROR;
				GCC_WARN_UNDECLARED_SELECTOR = YES;
				GCC_WARN_UNINITIALIZED_AUTOS = YES_AGGRESSIVE;
				GCC_WARN_UNUSED_FUNCTION = YES;
				GCC_WARN_UNUSED_VARIABLE = YES;
				IPHONEOS_DEPLOYMENT_TARGET = 15.2;
				MTL_ENABLE_DEBUG_INFO = INCLUDE_SOURCE;
				MTL_FAST_MATH = YES;
				ONLY_ACTIVE_ARCH = YES;
				SDKROOT = iphoneos;
				SWIFT_ACTIVE_COMPILATION_CONDITIONS = DEBUG;
				SWIFT_OPTIMIZATION_LEVEL = "-Onone";
			};
			name = Debug;
		};
		8CCA48D227BD71EA003C2B76 /* Release */ = {
			isa = XCBuildConfiguration;
			buildSettings = {
				ALWAYS_SEARCH_USER_PATHS = NO;
				CLANG_ANALYZER_NONNULL = YES;
				CLANG_ANALYZER_NUMBER_OBJECT_CONVERSION = YES_AGGRESSIVE;
				CLANG_CXX_LANGUAGE_STANDARD = "gnu++17";
				CLANG_CXX_LIBRARY = "libc++";
				CLANG_ENABLE_MODULES = YES;
				CLANG_ENABLE_OBJC_ARC = YES;
				CLANG_ENABLE_OBJC_WEAK = YES;
				CLANG_WARN_BLOCK_CAPTURE_AUTORELEASING = YES;
				CLANG_WARN_BOOL_CONVERSION = YES;
				CLANG_WARN_COMMA = YES;
				CLANG_WARN_CONSTANT_CONVERSION = YES;
				CLANG_WARN_DEPRECATED_OBJC_IMPLEMENTATIONS = YES;
				CLANG_WARN_DIRECT_OBJC_ISA_USAGE = YES_ERROR;
				CLANG_WARN_DOCUMENTATION_COMMENTS = YES;
				CLANG_WARN_EMPTY_BODY = YES;
				CLANG_WARN_ENUM_CONVERSION = YES;
				CLANG_WARN_INFINITE_RECURSION = YES;
				CLANG_WARN_INT_CONVERSION = YES;
				CLANG_WARN_NON_LITERAL_NULL_CONVERSION = YES;
				CLANG_WARN_OBJC_IMPLICIT_RETAIN_SELF = YES;
				CLANG_WARN_OBJC_LITERAL_CONVERSION = YES;
				CLANG_WARN_OBJC_ROOT_CLASS = YES_ERROR;
				CLANG_WARN_QUOTED_INCLUDE_IN_FRAMEWORK_HEADER = YES;
				CLANG_WARN_RANGE_LOOP_ANALYSIS = YES;
				CLANG_WARN_STRICT_PROTOTYPES = YES;
				CLANG_WARN_SUSPICIOUS_MOVE = YES;
				CLANG_WARN_UNGUARDED_AVAILABILITY = YES_AGGRESSIVE;
				CLANG_WARN_UNREACHABLE_CODE = YES;
				CLANG_WARN__DUPLICATE_METHOD_MATCH = YES;
				COPY_PHASE_STRIP = NO;
				DEBUG_INFORMATION_FORMAT = "dwarf-with-dsym";
				ENABLE_NS_ASSERTIONS = NO;
				ENABLE_STRICT_OBJC_MSGSEND = YES;
				GCC_C_LANGUAGE_STANDARD = gnu11;
				GCC_NO_COMMON_BLOCKS = YES;
				GCC_WARN_64_TO_32_BIT_CONVERSION = YES;
				GCC_WARN_ABOUT_RETURN_TYPE = YES_ERROR;
				GCC_WARN_UNDECLARED_SELECTOR = YES;
				GCC_WARN_UNINITIALIZED_AUTOS = YES_AGGRESSIVE;
				GCC_WARN_UNUSED_FUNCTION = YES;
				GCC_WARN_UNUSED_VARIABLE = YES;
				IPHONEOS_DEPLOYMENT_TARGET = 15.2;
				MTL_ENABLE_DEBUG_INFO = NO;
				MTL_FAST_MATH = YES;
				SDKROOT = iphoneos;
				SWIFT_COMPILATION_MODE = wholemodule;
				SWIFT_OPTIMIZATION_LEVEL = "-O";
				VALIDATE_PRODUCT = YES;
			};
			name = Release;
		};
		8CCA48D427BD71EA003C2B76 /* Debug */ = {
			isa = XCBuildConfiguration;
			buildSettings = {
				ASSETCATALOG_COMPILER_APPICON_NAME = AppIcon;
				ASSETCATALOG_COMPILER_GLOBAL_ACCENT_COLOR_NAME = AccentColor;
				CODE_SIGN_STYLE = Automatic;
				CURRENT_PROJECT_VERSION = 1;
				DEVELOPMENT_ASSET_PATHS = "\"Convert/Preview Content\"";
				DEVELOPMENT_TEAM = FSYPXB6597;
				ENABLE_PREVIEWS = YES;
				GENERATE_INFOPLIST_FILE = YES;
				INFOPLIST_KEY_UIApplicationSceneManifest_Generation = YES;
				INFOPLIST_KEY_UIApplicationSupportsIndirectInputEvents = YES;
				INFOPLIST_KEY_UILaunchScreen_Generation = YES;
				INFOPLIST_KEY_UISupportedInterfaceOrientations_iPad = "UIInterfaceOrientationPortrait UIInterfaceOrientationPortraitUpsideDown UIInterfaceOrientationLandscapeLeft UIInterfaceOrientationLandscapeRight";
				INFOPLIST_KEY_UISupportedInterfaceOrientations_iPhone = "UIInterfaceOrientationPortrait UIInterfaceOrientationLandscapeLeft UIInterfaceOrientationLandscapeRight";
				LD_RUNPATH_SEARCH_PATHS = (
					"$(inherited)",
					"@executable_path/Frameworks",
				);
				MARKETING_VERSION = 1.0;
				PRODUCT_BUNDLE_IDENTIFIER = com.ricardomontemayor.Convert;
				PRODUCT_NAME = "$(TARGET_NAME)";
				SWIFT_EMIT_LOC_STRINGS = YES;
				SWIFT_VERSION = 5.0;
				TARGETED_DEVICE_FAMILY = "1,2";
			};
			name = Debug;
		};
		8CCA48D527BD71EA003C2B76 /* Release */ = {
			isa = XCBuildConfiguration;
			buildSettings = {
				ASSETCATALOG_COMPILER_APPICON_NAME = AppIcon;
				ASSETCATALOG_COMPILER_GLOBAL_ACCENT_COLOR_NAME = AccentColor;
				CODE_SIGN_STYLE = Automatic;
				CURRENT_PROJECT_VERSION = 1;
				DEVELOPMENT_ASSET_PATHS = "\"Convert/Preview Content\"";
				DEVELOPMENT_TEAM = FSYPXB6597;
				ENABLE_PREVIEWS = YES;
				GENERATE_INFOPLIST_FILE = YES;
				INFOPLIST_KEY_UIApplicationSceneManifest_Generation = YES;
				INFOPLIST_KEY_UIApplicationSupportsIndirectInputEvents = YES;
				INFOPLIST_KEY_UILaunchScreen_Generation = YES;
				INFOPLIST_KEY_UISupportedInterfaceOrientations_iPad = "UIInterfaceOrientationPortrait UIInterfaceOrientationPortraitUpsideDown UIInterfaceOrientationLandscapeLeft UIInterfaceOrientationLandscapeRight";
				INFOPLIST_KEY_UISupportedInterfaceOrientations_iPhone = "UIInterfaceOrientationPortrait UIInterfaceOrientationLandscapeLeft UIInterfaceOrientationLandscapeRight";
				LD_RUNPATH_SEARCH_PATHS = (
					"$(inherited)",
					"@executable_path/Frameworks",
				);
				MARKETING_VERSION = 1.0;
				PRODUCT_BUNDLE_IDENTIFIER = com.ricardomontemayor.Convert;
				PRODUCT_NAME = "$(TARGET_NAME)";
				SWIFT_EMIT_LOC_STRINGS = YES;
				SWIFT_VERSION = 5.0;
				TARGETED_DEVICE_FAMILY = "1,2";
			};
			name = Release;
		};
/* End XCBuildConfiguration section */

/* Begin XCConfigurationList section */
		8CCA48C027BD71E9003C2B76 /* Build configuration list for PBXProject "Convert" */ = {
			isa = XCConfigurationList;
			buildConfigurations = (
				8CCA48D127BD71EA003C2B76 /* Debug */,
				8CCA48D227BD71EA003C2B76 /* Release */,
			);
			defaultConfigurationIsVisible = 0;
			defaultConfigurationName = Release;
		};
		8CCA48D327BD71EA003C2B76 /* Build configuration list for PBXNativeTarget "Convert" */ = {
			isa = XCConfigurationList;
			buildConfigurations = (
				8CCA48D427BD71EA003C2B76 /* Debug */,
				8CCA48D527BD71EA003C2B76 /* Release */,
			);
			defaultConfigurationIsVisible = 0;
			defaultConfigurationName = Release;
		};
/* End XCConfigurationList section */
	};
	rootObject = 8CCA48BD27BD71E9003C2B76 /* Project object */;
}
